
Microsoft Visual Studio Solution File, Format Version 12.00
# Visual Studio Version 16
VisualStudioVersion = 16.0.29905.134
MinimumVisualStudioVersion = 10.0.40219.1
Project("{FAE04EC0-301F-11D3-BF4B-00C04F79EFBC}") = "Lab2_MVC_Gonzales", "Lab2_MVC_Gonzales.csproj", "{DC337490-1396-40E7-A6F5-A06BC80AF7D6}"
EndProject
Global
	GlobalSection(SolutionConfigurationPlatforms) = preSolution
		Debug|Any CPU = Debug|Any CPU
		Release|Any CPU = Release|Any CPU
	EndGlobalSection
	GlobalSection(ProjectConfigurationPlatforms) = postSolution
		{DC337490-1396-40E7-A6F5-A06BC80AF7D6}.Debug|Any CPU.ActiveCfg = Debug|Any CPU
		{DC337490-1396-40E7-A6F5-A06BC80AF7D6}.Debug|Any CPU.Build.0 = Debug|Any CPU
		{DC337490-1396-40E7-A6F5-A06BC80AF7D6}.Release|Any CPU.ActiveCfg = Release|Any CPU
		{DC337490-1396-40E7-A6F5-A06BC80AF7D6}.Release|Any CPU.Build.0 = Release|Any CPU
	EndGlobalSection
	GlobalSection(SolutionProperties) = preSolution
		HideSolutionNode = FALSE
	EndGlobalSection
	GlobalSection(ExtensibilityGlobals) = postSolution
		SolutionGuid = {679782D8-63AA-449D-8EE8-88BEA92C09B2}
	EndGlobalSection
EndGlobal
